version = 1
revision = 3
requires-python = "==3.13.*"

[[package]]
name = "annotated-types"
version = "0.8.0"
source = { registry = "https://pypi.org/simple" }
sdist = { url = "https://files.pythonhosted.org/packages/5f/56/a8120250d128bed162cd73c76d45f6ef9991f3e068f62a8ee060afa3104a/annotated_types-0.8.0.tar.gz", hash = "sha256:13b2beaad985e05e2d6407ee4c4f35590b11f8d693a258a561055cac8f64cab7", size = 15893, upload-time = "2026-07-23T20:16:13.995Z" }
wheels = [
    { url = "https://files.pythonhosted.org/packages/99/91/8acff4f5e50511b911bbccb72b8628a49c68ce14148cd9f6431094859a90/annotated_types-0.8.0-py3-none-any.whl", hash = "sha256:f072f4d804ea359e4eaf198b1af7a8b0943881a87f31bb764f8bf219bb9419e0", size = 13427, upload-time = "2026-07-23T20:16:12.938Z" },
]

[[package]]
name = "markdown-it-py"
version = "4.2.0"
source = { registry = "https://pypi.org/simple" }
dependencies = [
    { name = "mdurl" },
]
sdist = { url = "https://files.pythonhosted.org/packages/06/ff/7841249c247aa650a76b9ee4bbaeae59370dc8bfd2f6c01f3630c35eb134/markdown_it_py-4.2.0.tar.gz", hash = "sha256:04a21681d6fbb623de53f6f364d352309d4094dd4194040a10fd51833e418d49", size = 82454, upload-time = "2026-05-07T12:08:28.36Z" }
wheels = [
    { url = "https://files.pythonhosted.org/packages/b3/81/4da04ced5a082363ecfa159c010d200ecbd959ae410c10c0264a38cac0f5/markdown_it_py-4.2.0-py3-none-any.whl", hash = "sha256:9f7ebbcd14fe59494226453aed97c1070d83f8d24b6fc3a3bcf9a38092641c4a", size = 91687, upload-time = "2026-05-07T12:08:27.182Z" },
]

[[package]]
name = "mdurl"
version = "0.1.2"
source = { registry = "https://pypi.org/simple" }
sdist = { url = "https://files.pythonhosted.org/packages/d6/54/cfe61301667036ec958cb99bd3efefba235e65cdeb9c84d24a8293ba1d90/mdurl-0.1.2.tar.gz", hash = "sha256:bb413d29f5eea38f31dd4754dd7377d4465116fb207585f97bf925588687c1ba", size = 8729, upload-time = "2022-08-14T12:40:10.846Z" }
wheels = [
    { url = "https://files.pythonhosted.org/packages/b3/38/89ba8ad64ae25be8de66a6d463314cf1eb366222074cfda9ee839c56a4b4/mdurl-0.1.2-py3-none-any.whl", hash = "sha256:84008a41e51615a49fc9966191ff91509e3c40b939176e643fd50a5c2196b8f8", size = 9979, upload-time = "2022-08-14T12:40:09.779Z" },
]

[[package]]
name = "pydantic"
version = "2.14.0"
source = { registry = "https://pypi.org/simple" }
dependencies = [
    { name = "annotated-types" },
    { name = "pydantic-core" },
    { name = "typing-extensions" },
    { name = "typing-inspection" },
]
sdist = { url = "https://files.pythonhosted.org/packages/6b/fb/6e44b63b26efea1cec48c26d8362313310202ef5ed6e7a52f1669e64e2cd/pydantic-2.14.0.tar.gz", hash = "sha256:8a51a7aaddd60f55566d1f07bdd87b92b463903f39a8f26b71a06314cd1548ae", size = 898613, upload-time = "2026-10-08T14:34:48.341Z" }
wheels = [
    { url = "https://files.pythonhosted.org/packages/2d/eb/9146591cc819d040475bf7f2be786710c7f7eb8083693bf859728da2ca9c/pydantic-2.14.0-py3-none-any.whl", hash = "sha256:15fab1bea6f1dc5003b54fc2ecab230c1fd1dbade2acd4addc52d81e32416d4b", size = 487109, upload-time = "2026-10-08T14:34:46.864Z" },
]

[[package]]
name = "pydantic-core"
version = "2.50.0"
source = { registry = "https://pypi.org/simple" }
dependencies = [
    { name = "typing-extensions" },
]
sdist = { url = "https://files.pythonhosted.org/packages/e6/6d/196e8c819e0e934f35a1a33b3530396feadb0af4ca38fe9f995249e55794/pydantic_core-2.50.0.tar.gz", hash = "sha256:84d2d38f7d163c4dec292f379e9de1960c661795442aca6c90d706436cb3749e", size = 513355, upload-time = "2026-10-08T14:30:58.245Z" }
wheels = [
    { url = "https://files.pythonhosted.org/packages/81/25/f9a6958f73d92f66d620e3e1b091becf6b7a2ea89437118d397e2c6ca9ba/pydantic_core-2.50.0-cp313-cp313-macosx_10_12_x86_64.whl", hash = "sha256:049b0404792dcb942f1092bfdae5f819ef30445b0d174782e1909fbdd91bb48b", size = 2222904, upload-time = "2026-10-08T14:27:07.869Z" },
    { url = "https://files.pythonhosted.org/packages/c5/41/7f299b2ecf0ddbec8c2a68057ed53d29458ea5b0850615570849c454dd89/pydantic_core-2.50.0-cp313-cp313-macosx_11_0_arm64.whl", hash = "sha256:8f16bc5bb12f4c581b0f40facc28dbf286db32d1bf4e7e4f4c4e0f7f4e34ecf9", size = 2024863, upload-time = "2026-10-08T14:27:09.78Z" },
    { url = "https://files.pythonhosted.org/packages/89/db/a9852fa8780acca5dd81a21bb66d4b2fb41c39dc5672cec66c32cc7f13e9/pydantic_core-2.50.0-cp313-cp313-manylinux_2_17_aarch64.manylinux2014_aarch64.whl", hash = "sha256:d1d084e92d0f4a096a5155b23d1ac603db8073ef98a3d1384badf1455e5ae742", size = 2047340, upload-time = "2026-10-08T14:27:11.85Z" },
    { url = "https://files.pythonhosted.org/packages/90/82/cd174e776e71ebcb1d289a57cb3e89565123a84c5708865e12efa82313f9/pydantic_core-2.50.0-cp313-cp313-manylinux_2_17_armv7l.manylinux2014_armv7l.whl", hash = "sha256:f0af2d2f745ec00a6616c4dfba4477f9156ccfb45690f6ffa5fd34f42e871ed4", size = 2173461, upload-time = "2026-10-08T14:27:13.948Z" },
    { url = "https://files.pythonhosted.org/packages/5a/5c/9c4b2aea09ec7b7af966e79631b1970f1adeb6a8ed001bc8bb64a2d1c23d/pydantic_core-2.50.0-cp313-cp313-manylinux_2_17_ppc64le.manylinux2014_ppc64le.whl", hash = "sha256:2f28a5a299d4cefd1066a6883d22600b9ae3606f881c3015d255784634647580", size = 2362629, upload-time = "2026-10-08T14:27:15.909Z" },
    { url = "https://files.pythonhosted.org/packages/28/d9/93afd007b61c50425c3c8f0402425779341c8d498bd224e5788eaf419c4c/pydantic_core-2.50.0-cp313-cp313-manylinux_2_17_s390x.manylinux2014_s390x.whl", hash = "sha256:bdd70c2d9e73bca09fad54605dfeaae2b4e770b2800c65f5f5342901ed567b9f", size = 2440134, upload-time = "2026-10-08T14:27:17.716Z" },
    { url = "https://files.pythonhosted.org/packages/c9/93/a4ef199535547aaa7c5d2cbf009a1d6a2b252885b14c6e70404e1c661716/pydantic_core-2.50.0-cp313-cp313-manylinux_2_17_x86_64.manylinux2014_x86_64.whl", hash = "sha256:e58acd43ac8d3905659c1d5309318dd576243e723dd7c3b5dd4f555479b77d4b", size = 2158480, upload-time = "2026-10-08T14:27:19.618Z" },
    { url = "https://files.pythonhosted.org/packages/de/20/f216e028d3bfbd9f8c67f7a2f0f8db04240926f630e2e66a5a8ac45fe00d/pydantic_core-2.50.0-cp313-cp313-manylinux_2_31_riscv64.whl", hash = "sha256:5a07c644047f5abc268b4c39f8cb5a30e08a3c349228cb70142c7d3ed87587c0", size = 2231837, upload-time = "2026-10-08T14:27:21.742Z" },
    { url = "https://files.pythonhosted.org/packages/56/3f/57a6acf26e0acb82238ba4e25b35cbd6013b1d74eac99c4f358ff56bf6d6/pydantic_core-2.50.0-cp313-cp313-manylinux_2_5_i686.manylinux1_i686.whl", hash = "sha256:8ad8dad549cd1645be591a50b4573995ee7e018f6619ddc2bc6ea44b2ad9f694", size = 2242240, upload-time = "2026-10-08T14:27:23.564Z" },
    { url = "https://files.pythonhosted.org/packages/94/41/f5f4014b40f91db4479e87dc038ac48a460a60baadea7ff9c942bc64dc62/pydantic_core-2.50.0-cp313-cp313-musllinux_1_1_aarch64.whl", hash = "sha256:1773001198030e16f946a7ff7760fc3ebd45b12150f66fd0f433780043dc13d8", size = 2277852, upload-time = "2026-10-08T14:27:25.517Z" },
    { url = "https://files.pythonhosted.org/packages/f8/fa/485e4db093e10f29676fc696abf9d88f3626ee520e99cc488fb091222db9/pydantic_core-2.50.0-cp313-cp313-musllinux_1_1_armv7l.whl", hash = "sha256:8ab9e74878172948e0426e3d27fba333fd6a1c3f9456d8e75643e8e6868ac1a1", size = 2450132, upload-time = "2026-10-08T14:27:27.493Z" },
    { url = "https://files.pythonhosted.org/packages/d3/48/fd07063cfc65e498528cea59b27b979eb5c890a54dcf5bb19ab0a589516d/pydantic_core-2.50.0-cp313-cp313-musllinux_1_1_x86_64.whl", hash = "sha256:e15bb1535f68a27f28e579ba3a8f74e7b05d350c45f5622b76a311d5a19ae48a", size = 2477011, upload-time = "2026-10-08T14:27:29.972Z" },
    { url = "https://files.pythonhosted.org/packages/fa/96/6f34c285dc87ed2fae5f1b53c51bb732eda21dc0c6c73d6a5d9dcc7033cd/pydantic_core-2.50.0-cp313-cp313-win32.whl", hash = "sha256:c21e6a6e4e6d32fb6acbc4f0fa69e8319cac0d65eeaa8298d757371cc2a9c687", size = 2102027, upload-time = "2026-10-08T14:27:32.497Z" },
    { url = "https://files.pythonhosted.org/packages/5e/50/dbdb3ba6699d494e59db2f145aeb97990e28d1503bc9f7bdd57eb4c15677/pydantic_core-2.50.0-cp313-cp313-win_amd64.whl", hash = "sha256:4f96ccd9368ecbf6685d8f6981584ab72b4f0ffd20685e747737e7e340277b8d", size = 2169974, upload-time = "2026-10-08T14:27:34.692Z" },
    { url = "https://files.pythonhosted.org/packages/7d/ae/cfe0e52a9b45b5ba12b3a839db928669543948760a059a72f13cf0346c29/pydantic_core-2.50.0-cp313-cp313-win_arm64.whl", hash = "sha256:a2b88f9f9fa52e1c34938ff1a18ee7fbffe482df0bb43c087a9a60578d273d68", size = 2162504, upload-time = "2026-10-08T14:27:36.989Z" },
]

[[package]]
name = "pygments"
version = "2.21.0"
source = { registry = "https://pypi.org/simple" }
sdist = { url = "https://files.pythonhosted.org/packages/49/2e/ced460408999b33da6b31b0021b0f37d329e202d4169aeb164493778f25b/pygments-2.21.0.tar.gz", hash = "sha256:610ca751c9bc2492b38eb9a38a7fbc93edbbb2d7182edaf34e66ae493dee5c8c", size = 5005329, upload-time = "2026-08-17T08:02:48.824Z" }
wheels = [
    { url = "https://files.pythonhosted.org/packages/71/46/17f022dd3e953bf20a04a028a21ec746d942f8d2af30fa0f124fa0e6a684/pygments-2.21.0-py3-none-any.whl", hash = "sha256:2363c69b61c4a97c838da3b130dcd6468f4848992b21a82f2a63ec34377137d9", size = 1250147, upload-time = "2026-08-17T08:02:44.912Z" },
]

[[package]]
name = "rich"
version = "15.0.0"
source = { registry = "https://pypi.org/simple" }
dependencies = [
    { name = "markdown-it-py" },
    { name = "pygments" },
]
sdist = { url = "https://files.pythonhosted.org/packages/c0/8f/0722ca900cc807c13a6a0c696dacf35430f72e0ec571c4275d2371fca3e9/rich-15.0.0.tar.gz", hash = "sha256:edd07a4824c6b40189fb7ac9bc4c52536e9780fbbfbddf6f1e2502c31b068c36", size = 230680, upload-time = "2026-04-12T08:24:00.75Z" }
wheels = [
    { url = "https://files.pythonhosted.org/packages/82/3b/64d4899d73f91ba49a8c18a8ff3f0ea8f1c1d75481760df8c68ef5235bf5/rich-15.0.0-py3-none-any.whl", hash = "sha256:33bd4ef74232fb73fe9279a257718407f169c09b78a87ad3d296f548e27de0bb", size = 310654, upload-time = "2026-04-12T08:24:02.83Z" },
]

[[package]]
name = "ruff"
version = "0.17.0"
source = { registry = "https://pypi.org/simple" }
sdist = { url = "https://files.pythonhosted.org/packages/e9/a7/70debb024dfacda67b8e560cc7511f52b34b9348a8cc8c1ec23036dcd51d/ruff-0.17.0.tar.gz", hash = "sha256:5cd03240d8208a557c2a9655a5cb07ebe36aa6bb35065f97d48c1f6adef5a322", size = 5320554, upload-time = "2026-10-09T19:47:29.248Z" }
wheels = [
    { url = "https://files.pythonhosted.org/packages/bc/f8/ee5ab9da6089eae2a33e6008b01deb1eda19992c1c8e10661e98cee1640f/ruff-0.17.0-py3-none-linux_armv6l.whl", hash = "sha256:0e271826af9a20d18c6cfae8c51e82959167c24859686ddd3eb9a7f0842ce81e", size = 10148907, upload-time = "2026-10-09T19:46:38.695Z" },
    { url = "https://files.pythonhosted.org/packages/9f/d9/2f81fb5a9d580afbb11b1c8ff915233a11f2a1b27405d7991f183c5e1976/ruff-0.17.0-py3-none-macosx_10_12_x86_64.whl", hash = "sha256:5f0ca4a40f81403689c04f12966e22f44e329ae362072d8f1587b7bda87f603b", size = 10224208, upload-time = "2026-10-09T19:46:41.711Z" },
    { url = "https://files.pythonhosted.org/packages/a7/20/643f3c8f75594f937b2bf74801241c56a2e2b8e139d24dff8b66b28cdd7f/ruff-0.17.0-py3-none-macosx_11_0_arm64.whl", hash = "sha256:cbf7149e0927dc3295d5d64679a4765576eef71b00782b2ae969ef82274d6bb9", size = 9273324, upload-time = "2026-10-09T19:46:44.323Z" },
    { url = "https://files.pythonhosted.org/packages/ec/91/627700b233d367736cb274f1bd0b47d1f2b12f68878192812bd875adadc3/ruff-0.17.0-py3-none-manylinux_2_17_aarch64.manylinux2014_aarch64.whl", hash = "sha256:13ee90156522998c3037059d8f66885c8adeeaf7643bdce2caceee196ecd23e0", size = 9953190, upload-time = "2026-10-09T19:46:47.155Z" },
    { url = "https://files.pythonhosted.org/packages/cd/92/91f7b5ed39490f89d6cbf56e1f543c383667a725efa8e2c2dee0f01f5591/ruff-0.17.0-py3-none-manylinux_2_17_armv7l.manylinux2014_armv7l.whl", hash = "sha256:3d8e4a002a94cd9d0dc48b51dc69d807a172b5b9bf2b668e656424dc5b55ead1", size = 9961746, upload-time = "2026-10-09T19:46:50.098Z" },
    { url = "https://files.pythonhosted.org/packages/87/c5/7310f9fc63ce11ff6394edbd5e85433dfb0e14c9fbf6ccc97f1538491bc7/ruff-0.17.0-py3-none-manylinux_2_17_i686.manylinux2014_i686.whl", hash = "sha256:c0b8a60c06a218c337e1161638d34757f83449243e2db161483ddf948e53ad14", size = 10625483, upload-time = "2026-10-09T19:46:53.379Z" },
    { url = "https://files.pythonhosted.org/packages/a5/8d/97443f0dca4a03a0bc7629fd396fd494a1cb6666121e38c5075acb217d8f/ruff-0.17.0-py3-none-manylinux_2_17_ppc64le.manylinux2014_ppc64le.whl", hash = "sha256:a330178bdffc4205dbf3bda11d93e059e388fd6546f8cdd304501a9160363c0d", size = 11350129, upload-time = "2026-10-09T19:46:56.486Z" },
    { url = "https://files.pythonhosted.org/packages/9c/0a/c525efd9777be4b6b012e6969a3012648468e7e6c4b3e5b46af69f46e8eb/ruff-0.17.0-py3-none-manylinux_2_17_s390x.manylinux2014_s390x.whl", hash = "sha256:7bb08489e234876fa2da67ae3ea938e9a2156da80293e0e4365abd6973d98329", size = 10906223, upload-time = "2026-10-09T19:47:00.263Z" },
    { url = "https://files.pythonhosted.org/packages/2c/3c/4a01195d93420cad1175bedad13a515dc8a56f95a6e39789b92e582682f5/ruff-0.17.0-py3-none-manylinux_2_17_x86_64.manylinux2014_x86_64.whl", hash = "sha256:bc73e7c133e82d55b5f15897b2a442d72c0cb4a0c886c46801ce3c247150b60c", size = 10386314, upload-time = "2026-10-09T19:47:03.057Z" },
    { url = "https://files.pythonhosted.org/packages/c7/72/1a3951665485a921f6375f91e754a1854d5a645d41acc3642668064ff64d/ruff-0.17.0-py3-none-manylinux_2_31_riscv64.whl", hash = "sha256:db4f74c533403ab70fe4007873f6ae0c9f94a8b03158cf48d78788e47cdbe399", size = 10565464, upload-time = "2026-10-09T19:47:05.831Z" },
    { url = "https://files.pythonhosted.org/packages/90/8c/539b4d8c082f57e18db8ae2be85a460d77861c79dcd5798e32b536a6a06f/ruff-0.17.0-py3-none-musllinux_1_2_aarch64.whl", hash = "sha256:3d8cc360e666d1914e47b0777c6906d70cf18891a55532bd0a16844195d70859", size = 10079468, upload-time = "2026-10-09T19:47:08.617Z" },
    { url = "https://files.pythonhosted.org/packages/e0/b8/84286966db79434e8c26b585b0a0f6897cb3ab1c51a4aa4df10c28488b62/ruff-0.17.0-py3-none-musllinux_1_2_armv7l.whl", hash = "sha256:d66de796b726c4801e05fa99a2a8d7a780e107be222486c304ab61765561e866", size = 9958556, upload-time = "2026-10-09T19:47:11.324Z" },
    { url = "https://files.pythonhosted.org/packages/69/50/27b6eed27b83fcdd5bfa0d52b83231e29094754374698da404d094487ae3/ruff-0.17.0-py3-none-musllinux_1_2_i686.whl", hash = "sha256:c3f268baf004aea944f040623327119527ea231af15f7fb7890e82cea0679589", size = 10352173, upload-time = "2026-10-09T19:47:14.188Z" },
    { url = "https://files.pythonhosted.org/packages/2a/fa/955399fd13044cd827862044117d784a59e3196f6cce7424908ac9a7f914/ruff-0.17.0-py3-none-musllinux_1_2_x86_64.whl", hash = "sha256:864b6c1acb6b0bccf94b5a3938a1531fd09aaca5e5659a2e7bf0f3cf2a685540", size = 10791761, upload-time = "2026-10-09T19:47:16.931Z" },
    { url = "https://files.pythonhosted.org/packages/ae/bf/024e01e1f6aec87768696725e648ed5b438941341eea8f8100beb681961f/ruff-0.17.0-py3-none-win32.whl", hash = "sha256:5e50aa5b84decd9fe5b0bb0e6f71c3b592f1767ed09faa4b7207d933961e35cd", size = 9904112, upload-time = "2026-10-09T19:47:19.75Z" },
    { url = "https://files.pythonhosted.org/packages/cc/77/1ee73df41dcc8d1cdb686ee4bc46ea29704ea175feb6b95c78420f631ab8/ruff-0.17.0-py3-none-win_amd64.whl", hash = "sha256:8ab76bcda86dfd28e13776cb5de3c7bcdcf1ae3d37ed761113d1a5a415dc134c", size = 10115585, upload-time = "2026-10-09T19:47:22.698Z" },
    { url = "https://files.pythonhosted.org/packages/fd/71/eb4f0ccc844aece56963e8578df9c95d4c00f580547d52329d4035d3af18/ruff-0.17.0-py3-none-win_arm64.whl", hash = "sha256:c154c73ff43f9854395e24cac507af13078962e53d2b511605058d22af1fdb88", size = 9872035, upload-time = "2026-10-09T19:47:26.306Z" },
]

[[package]]
name = "trackforge"
version = "1.0.1"
source = { virtual = "." }
dependencies = [
    { name = "pydantic" },
    { name = "rich" },
]

[package.dev-dependencies]
dev = [
    { name = "ruff" },
]

[package.metadata]
requires-dist = [
    { name = "pydantic", specifier = ">=2.13.0" },
    { name = "rich", specifier = ">=15.0.0" },
]

[package.metadata.requires-dev]
dev = [{ name = "ruff", specifier = ">=0.16.0" }]

[[package]]
name = "typing-extensions"
version = "4.16.0"
source = { registry = "https://pypi.org/simple" }
sdist = { url = "https://files.pythonhosted.org/packages/f6/cc/6253133b5bb138fc3306cebfbda2c520f545d36b5be2c7255cc528bb45d6/typing_extensions-4.16.0.tar.gz", hash = "sha256:dc983d19a509c94dba722ee6abd33940f7c05a89e243c47e907eb4db6f1a43e5", size = 113555, upload-time = "2026-07-02T08:40:05.92Z" }
wheels = [
    { url = "https://files.pythonhosted.org/packages/49/d3/b8441a820a491ddfc024b0b0cf0393375b75ea13866d9c66727e54c2fc80/typing_extensions-4.16.0-py3-none-any.whl", hash = "sha256:481caa481374e813c1b176ada14e97f1f67a4539ce9cfeb3f350d78d6370c2e8", size = 45571, upload-time = "2026-07-02T08:40:04.659Z" },
]

[[package]]
name = "typing-inspection"
version = "0.4.4"
source = { registry = "https://pypi.org/simple" }
dependencies = [
    { name = "typing-extensions" },
]
sdist = { url = "https://files.pythonhosted.org/packages/a3/26/b09b8010994eccc3c09092e6b34058f36a460eea2d4c3e8b910c695975a0/typing_inspection-0.4.4.tar.gz", hash = "sha256:547274fa6b0a561ccf549cc9524b999a578e737d015d8709d021f9d0d13bea47", size = 76928, upload-time = "2026-08-12T12:37:25.997Z" }
wheels = [
    { url = "https://files.pythonhosted.org/packages/67/81/4add07e5172b7ac40d8ed5ff580409a7801a4fe26d529bdd915401dabfbe/typing_inspection-0.4.4-py3-none-any.whl", hash = "sha256:65b8397ba37ccbce054456aaccddfc91e6e3083c92824df348d96ca832f3f147", size = 14750, upload-time = "2026-08-12T12:37:24.648Z" },
]
